
Microsoft Visual Studio Solution File, Format Version 12.00
# Visual Studio Version 17
VisualStudioVersion = 17.14.36109.1
MinimumVisualStudioVersion = 10.0.40219.1
Project("{FAE04EC0-301F-11D3-BF4B-00C04F79EFBC}") = "AirCloud-DA", "AirCloud-DA\AirCloud-DA.csproj", "{257630E7-646C-435D-B4AB-38C8A4805976}"
EndProject
Global
	GlobalSection(SolutionConfigurationPlatforms) = preSolution
		Debug|Any CPU = Debug|Any CPU
		Release|Any CPU = Release|Any CPU
	EndGlobalSection
	GlobalSection(ProjectConfigurationPlatforms) = postSolution
		{257630E7-646C-435D-B4AB-38C8A4805976}.Debug|Any CPU.ActiveCfg = Debug|Any CPU
		{257630E7-646C-435D-B4AB-38C8A4805976}.Debug|Any CPU.Build.0 = Debug|Any CPU
		{257630E7-646C-435D-B4AB-38C8A4805976}.Release|Any CPU.ActiveCfg = Release|Any CPU
		{257630E7-646C-435D-B4AB-38C8A4805976}.Release|Any CPU.Build.0 = Release|Any CPU
	EndGlobalSection
	GlobalSection(SolutionProperties) = preSolution
		HideSolutionNode = FALSE
	EndGlobalSection
	GlobalSection(ExtensibilityGlobals) = postSolution
		SolutionGuid = {A9537A1E-BDE2-4E46-82E1-5C8125651469}
	EndGlobalSection
EndGlobal
